{
  "name": "public",
  "version": "1.0.0",
  "lockfileVersion": 1,
  "requires": true,
  "dependencies": {
    "@fortawesome/fontawesome": {
      "version": "1.1.3",
      "resolved": "https://registry.npmjs.org/@fortawesome/fontawesome/-/fontawesome-1.1.3.tgz",
      "integrity": "sha512-zSKSJsYpV8jHUJYni6YNLN7pOcTBXG4sNVX4vXL6IJsqlwosyZm/IftWNOwbr4tbw3O1MxeY05TzYfjVB3T+QQ==",
      "requires": {
        "@fortawesome/fontawesome-common-types": "0.1.2"
      }
    },
    "@fortawesome/fontawesome-common-types": {
      "version": "0.1.2",
      "resolved": "https://registry.npmjs.org/@fortawesome/fontawesome-common-types/-/fontawesome-common-types-0.1.2.tgz",
      "integrity": "sha512-l6pzAz8wVL7Z6CD/hYN7593xogzMFfX04dwyniqDswT8whGSopSG3UMOIx7xkBFbnXTdRgi4/2tbwFXyBy2WBw=="
    },
    "@uirouter/angularjs": {
      "version": "1.0.14",
      "resolved": "https://registry.npmjs.org/@uirouter/angularjs/-/angularjs-1.0.14.tgz",
      "integrity": "sha512-XqHQA96DiOUJthHk9d7gmzt/Fu72e/Ahn+1cuBCYhofaWecibj4AhfyvxwsdzfLo0QBDMMiYOi2GlPzXOyvo4w==",
      "requires": {
        "@uirouter/core": "5.0.16"
      },
      "dependencies": {
        "@uirouter/core": {
          "version": "5.0.16",
          "resolved": "https://registry.npmjs.org/@uirouter/core/-/core-5.0.16.tgz",
          "integrity": "sha512-iCEkShFX0/NflH6rmpxTLXHQpe2t8ZkxcDa0g7sQD2/tDPUgiVXHVC0Jfw0qCnUaIeWHUBOATMe8fuZrLjydqA=="
        }
      }
    },
    "@uirouter/core": {
      "version": "5.0.3",
      "resolved": "https://registry.npmjs.org/@uirouter/core/-/core-5.0.3.tgz",
      "integrity": "sha1-4rWx5FGQ4gxnuk4VwBPeXU4MyrM="
    },
    "angular": {
      "version": "1.5.7",
      "resolved": "https://registry.npmjs.org/angular/-/angular-1.5.7.tgz",
      "integrity": "sha1-Ts79DHE0tydXujtBu6Oh5NXv9aw="
    },
    "angular-animate": {
      "version": "1.5.7",
      "resolved": "https://registry.npmjs.org/angular-animate/-/angular-animate-1.5.7.tgz",
      "integrity": "sha1-BOXWV0Fu1eoq0v/jPCDFUpqjki4="
    },
    "angular-base64": {
      "version": "2.0.5",
      "resolved": "https://registry.npmjs.org/angular-base64/-/angular-base64-2.0.5.tgz",
      "integrity": "sha1-EyVVYq0cjoygm5xLH075ZqxM0JM=",
      "requires": {
        "angular": "1.5.7"
      }
    },
    "angular-confirm": {
      "version": "1.1.0",
      "resolved": "https://registry.npmjs.org/angular-confirm/-/angular-confirm-1.1.0.tgz",
      "integrity": "sha1-U2GBFnN8VfB2CREy7Ib0TfMCX70="
    },
    "angular-confirm1": {
      "version": "1.1.0",
      "resolved": "https://registry.npmjs.org/angular-confirm1/-/angular-confirm1-1.1.0.tgz",
      "integrity": "sha1-wr9HMJAGZjyPGNDDXyANh2HOU3g="
    },
    "angular-date-picker": {
      "version": "1.3.5",
      "resolved": "https://registry.npmjs.org/angular-date-picker/-/angular-date-picker-1.3.5.tgz",
      "integrity": "sha1-DccjbNQE52z7F77Dvt5g11fTtbE="
    },
    "angular-disqus": {
      "version": "1.1.3",
      "resolved": "https://registry.npmjs.org/angular-disqus/-/angular-disqus-1.1.3.tgz",
      "integrity": "sha1-rMQQAloQibmQ7EH8N2GKyfyLQ/s="
    },
    "angular-paging": {
      "version": "2.2.2",
      "resolved": "https://registry.npmjs.org/angular-paging/-/angular-paging-2.2.2.tgz",
      "integrity": "sha1-cC9XTW0UBpADXqxkOV/jEfeYf7s="
    },
    "angular-sanitize": {
      "version": "1.5.7",
      "resolved": "https://registry.npmjs.org/angular-sanitize/-/angular-sanitize-1.5.7.tgz",
      "integrity": "sha1-NueLe7pukCM6m5COWXoFdwNW8pA="
    },
    "angular-summernote": {
      "version": "0.8.1",
      "resolved": "https://registry.npmjs.org/angular-summernote/-/angular-summernote-0.8.1.tgz",
      "integrity": "sha1-E4huA6ICgbtzXYVHz7wPiFGrais="
    },
    "angular-toastr": {
      "version": "2.1.1",
      "resolved": "https://registry.npmjs.org/angular-toastr/-/angular-toastr-2.1.1.tgz",
      "integrity": "sha1-n4NQykghRaRNARp1W4+zYj1gVEw="
    },
    "angular-ui-router": {
      "version": "1.0.3",
      "resolved": "https://registry.npmjs.org/angular-ui-router/-/angular-ui-router-1.0.3.tgz",
      "integrity": "sha1-vySUyq6Vw3zwGvN2HYl0fP7S20U=",
      "requires": {
        "@uirouter/core": "5.0.3"
      }
    },
    "bootstrap": {
      "version": "3.3.7",
      "resolved": "https://registry.npmjs.org/bootstrap/-/bootstrap-3.3.7.tgz",
      "integrity": "sha1-WjiTlFSfIzMIdaOxUGVldPip63E="
    },
    "jquery": {
      "version": "3.3.1",
      "resolved": "https://registry.npmjs.org/jquery/-/jquery-3.3.1.tgz",
      "integrity": "sha512-Ubldcmxp5np52/ENotGxlLe6aGMvmF4R8S6tZjsP6Knsaxd/xp3Zrh50cG93lR6nPXyUFwzN3ZSOQI0wRJNdGg=="
    },
    "moment": {
      "version": "2.20.1",
      "resolved": "https://registry.npmjs.org/moment/-/moment-2.20.1.tgz",
      "integrity": "sha512-Yh9y73JRljxW5QxN08Fner68eFLxM5ynNOAw2LbIB1YAGeQzZT8QFSUvkAz609Zf+IHhhaUxqZK8dG3W/+HEvg=="
    },
    "ng-confirm": {
      "version": "1.1.0",
      "resolved": "https://registry.npmjs.org/ng-confirm/-/ng-confirm-1.1.0.tgz",
      "integrity": "sha1-ODmeO0iIfqZDnDmFrrOV0KwX9vI="
    },
    "satellizer": {
      "version": "0.15.5",
      "resolved": "https://registry.npmjs.org/satellizer/-/satellizer-0.15.5.tgz",
      "integrity": "sha1-Q8k9LTYcS2ts+dBtI7iIEwK1V6Q="
    },
    "summernote": {
      "version": "0.8.9",
      "resolved": "https://registry.npmjs.org/summernote/-/summernote-0.8.9.tgz",
      "integrity": "sha512-byim0LJFYzdDv9xDyt4tZySxK40vWHlmuF4wqvYvPdTiQJGVUdAE2w6lassRYfubDvp8+7l4mP/LojHMZzEDZg=="
    },
    "w3-css": {
      "version": "4.0.4",
      "resolved": "https://registry.npmjs.org/w3-css/-/w3-css-4.0.4.tgz",
      "integrity": "sha1-Lk7rNtwE3jh9vTvII27gWSyt/oY="
    }
  }
}
